version = 1
revision = 2
requires-python = ">=3.11"

[[package]]
name = "anyio"
version = "4.0.0"
source = { registry = "https://pypi.org/simple" }
dependencies = [
    { name = "idna" },
    { name = "sniffio" },
]
sdist = { url = "https://files.pythonhosted.org/packages/74/17/5075225ee1abbb93cd7fc30a2d343c6a3f5f71cf388f14768a7a38256581/anyio-4.0.0.tar.gz", hash = "sha256:f7ed51751b2c2add651e5747c891b47e26d2a21be5d32d9311dfe9692f3e5d7a", size = 153297, upload-time = "2023-08-30T22:24:06.703Z" }
wheels = [
    { url = "https://files.pythonhosted.org/packages/36/55/ad4de788d84a630656ece71059665e01ca793c04294c463fd84132f40fe6/anyio-4.0.0-py3-none-any.whl", hash = "sha256:cfdb2b588b9fc25ede96d8db56ed50848b0b649dca3dd1df0b11f683bb9e0b5f", size = 83122, upload-time = "2023-08-30T22:24:04.727Z" },
]

[[package]]
name = "certifi"
version = "2023.7.22"
source = { registry = "https://pypi.org/simple" }
sdist = { url = "https://files.pythonhosted.org/packages/98/98/c2ff18671db109c9f10ed27f5ef610ae05b73bd876664139cf95bd1429aa/certifi-2023.7.22.tar.gz", hash = "sha256:539cc1d13202e33ca466e88b2807e29f4c13049d6d87031a3c110744495cb082", size = 159517, upload-time = "2023-07-22T08:39:27.482Z" }
wheels = [
    { url = "https://files.pythonhosted.org/packages/4c/dd/2234eab22353ffc7d94e8d13177aaa050113286e93e7b40eae01fbf7c3d9/certifi-2023.7.22-py3-none-any.whl", hash = "sha256:92d6037539857d8206b8f6ae472e8b77db8058fec5937a1ef3f54304089edbb9", size = 158334, upload-time = "2023-07-22T08:39:25.345Z" },
]

[[package]]
name = "charset-normalizer"
version = "3.2.0"
source = { registry = "https://pypi.org/simple" }
sdist = { url = "https://files.pythonhosted.org/packages/2a/53/cf0a48de1bdcf6ff6e1c9a023f5f523dfe303e4024f216feac64b6eb7f67/charset-normalizer-3.2.0.tar.gz", hash = "sha256:3bb3d25a8e6c0aedd251753a79ae98a093c7e7b471faa3aa9a93a81431987ace", size = 97063, upload-time = "2023-07-07T20:19:09.586Z" }
wheels = [
    { url = "https://files.pythonhosted.org/packages/8e/a2/77cf1f042a4697822070fd5f3f5f58fd0e3ee798d040e3863eac43e3a2e5/charset_normalizer-3.2.0-cp311-cp311-macosx_10_9_universal2.whl", hash = "sha256:4957669ef390f0e6719db3613ab3a7631e68424604a7b448f079bee145da6e09", size = 201589, upload-time = "2023-07-07T20:17:20.299Z" },
    { url = "https://files.pythonhosted.org/packages/0f/16/8d50877a7215d31f024245a0acbda9e484dd70a21794f3109a6d8eaeba99/charset_normalizer-3.2.0-cp311-cp311-macosx_10_9_x86_64.whl", hash = "sha256:46fb8c61d794b78ec7134a715a3e564aafc8f6b5e338417cb19fe9f57a5a9bf2", size = 125098, upload-time = "2023-07-07T20:17:23.411Z" },
    { url = "https://files.pythonhosted.org/packages/91/e6/8fa919fc84a106e9b04109de62bdf8526899e2754a64da66e1cd50ac1faa/charset_normalizer-3.2.0-cp311-cp311-macosx_11_0_arm64.whl", hash = "sha256:f779d3ad205f108d14e99bb3859aa7dd8e9c68874617c72354d7ecaec2a054ac", size = 122774, upload-time = "2023-07-07T20:17:25.102Z" },
    { url = "https://files.pythonhosted.org/packages/28/ec/cda85baa366071c48593774eb59a5031793dd974fa26f4982829e971df6b/charset_normalizer-3.2.0-cp311-cp311-manylinux_2_17_aarch64.manylinux2014_aarch64.whl", hash = "sha256:f25c229a6ba38a35ae6e25ca1264621cc25d4d38dca2942a7fce0b67a4efe918", size = 195245, upload-time = "2023-07-07T20:17:26.606Z" },
    { url = "https://files.pythonhosted.org/packages/af/3d/57e7e401f8db6dd0c56e366d69dc7366173fc549bcd533dea15f2a805000/charset_normalizer-3.2.0-cp311-cp311-manylinux_2_17_ppc64le.manylinux2014_ppc64le.whl", hash = "sha256:2efb1bd13885392adfda4614c33d3b68dee4921fd0ac1d3988f8cbb7d589e72a", size = 209057, upload-time = "2023-07-07T20:17:28.191Z" },
    { url = "https://files.pythonhosted.org/packages/2e/29/dc806e009ddb357371458de3e93cfde78ea6e5c995df008fb6b048769457/charset_normalizer-3.2.0-cp311-cp311-manylinux_2_17_s390x.manylinux2014_s390x.whl", hash = "sha256:1f30b48dd7fa1474554b0b0f3fdfdd4c13b5c737a3c6284d3cdc424ec0ffff3a", size = 199178, upload-time = "2023-07-07T20:17:30.17Z" },
    { url = "https://files.pythonhosted.org/packages/bc/85/ef25d4ba14c7653c3020a1c6e1a7413e6791ef36a0ac177efa605fc2c737/charset_normalizer-3.2.0-cp311-cp311-manylinux_2_17_x86_64.manylinux2014_x86_64.whl", hash = "sha256:246de67b99b6851627d945db38147d1b209a899311b1305dd84916f2b88526c6", size = 199643, upload-time = "2023-07-07T20:17:31.749Z" },
    { url = "https://files.pythonhosted.org/packages/59/8e/62651b09599938e5e6d068ea723fd22d3f8c14d773c3c11c58e5e7d1eab7/charset_normalizer-3.2.0-cp311-cp311-manylinux_2_5_i686.manylinux1_i686.manylinux_2_17_i686.manylinux2014_i686.whl", hash = "sha256:9bd9b3b31adcb054116447ea22caa61a285d92e94d710aa5ec97992ff5eb7cf3", size = 200938, upload-time = "2023-07-07T20:17:33.628Z" },
    { url = "https://files.pythonhosted.org/packages/fd/17/0a1dba835ec37a3cc025f5c49653effb23f8cd391dea5e60a5696d639a92/charset_normalizer-3.2.0-cp311-cp311-musllinux_1_1_aarch64.whl", hash = "sha256:8c2f5e83493748286002f9369f3e6607c565a6a90425a3a1fef5ae32a36d749d", size = 191713, upload-time = "2023-07-07T20:17:35.77Z" },
    { url = "https://files.pythonhosted.org/packages/b6/2a/03e909cad170b0df5ce8b731fecbc872b7b922a1d38da441b5062a89e53f/charset_normalizer-3.2.0-cp311-cp311-musllinux_1_1_i686.whl", hash = "sha256:3170c9399da12c9dc66366e9d14da8bf7147e1e9d9ea566067bbce7bb74bd9c2", size = 194407, upload-time = "2023-07-07T20:17:37.503Z" },
    { url = "https://files.pythonhosted.org/packages/99/23/7262c6a7c8a8c2ec783886166a432985915f67277bc44020d181e5c04584/charset_normalizer-3.2.0-cp311-cp311-musllinux_1_1_ppc64le.whl", hash = "sha256:7a4826ad2bd6b07ca615c74ab91f32f6c96d08f6fcc3902ceeedaec8cdc3bcd6", size = 205192, upload-time = "2023-07-07T20:17:39.145Z" },
    { url = "https://files.pythonhosted.org/packages/27/19/49de2049561eca73233ba0ed7a843c184d364ef3b8886969a48d6793c830/charset_normalizer-3.2.0-cp311-cp311-musllinux_1_1_s390x.whl", hash = "sha256:3b1613dd5aee995ec6d4c69f00378bbd07614702a315a2cf6c1d21461fe17c23", size = 194606, upload-time = "2023-07-07T20:17:41.411Z" },
    { url = "https://files.pythonhosted.org/packages/6f/14/8e317fa69483a2823ea358a77e243c37f23f536a7add1b605460269593b5/charset_normalizer-3.2.0-cp311-cp311-musllinux_1_1_x86_64.whl", hash = "sha256:9e608aafdb55eb9f255034709e20d5a83b6d60c054df0802fa9c9883d0a937aa", size = 193277, upload-time = "2023-07-07T20:17:43.335Z" },
    { url = "https://files.pythonhosted.org/packages/a1/5c/c4ae954751f285c6170c3ef4de04492f88ddb29d218fefbdcbd9fb32ba5c/charset_normalizer-3.2.0-cp311-cp311-win32.whl", hash = "sha256:f2a1d0fd4242bd8643ce6f98927cf9c04540af6efa92323e9d3124f57727bfc1", size = 89425, upload-time = "2023-07-07T20:17:45.085Z" },
    { url = "https://files.pythonhosted.org/packages/91/6e/db0e545302bf93b6dbbdc496dd192c7f8e8c3bb1584acba069256d8b51d4/charset_normalizer-3.2.0-cp311-cp311-win_amd64.whl", hash = "sha256:681eb3d7e02e3c3655d1b16059fbfb605ac464c834a0c629048a30fad2b27489", size = 96558, upload-time = "2023-07-07T20:17:46.695Z" },
    { url = "https://files.pythonhosted.org/packages/bf/a0/188f223c7d8b924fb9b554b9d27e0e7506fd5bf9cfb6dbacb2dfd5832b53/charset_normalizer-3.2.0-py3-none-any.whl", hash = "sha256:8e098148dd37b4ce3baca71fb394c81dc5d9c7728c95df695d2dca218edf40e6", size = 46668, upload-time = "2023-07-07T20:19:07.49Z" },
]

[[package]]
name = "h11"
version = "0.14.0"
source = { registry = "https://pypi.org/simple" }
sdist = { url = "https://files.pythonhosted.org/packages/f5/38/3af3d3633a34a3316095b39c8e8fb4853a28a536e55d347bd8d8e9a14b03/h11-0.14.0.tar.gz", hash = "sha256:8f19fbbe99e72420ff35c00b27a34cb9937e902a8b810e2c88300c6f0a3b699d", size = 100418, upload-time = "2022-09-25T15:40:01.519Z" }
wheels = [
    { url = "https://files.pythonhosted.org/packages/95/04/ff642e65ad6b90db43e668d70ffb6736436c7ce41fcc549f4e9472234127/h11-0.14.0-py3-none-any.whl", hash = "sha256:e3fe4ac4b851c468cc8363d500db52c2ead036020723024a109d37346efaa761", size = 58259, upload-time = "2022-09-25T15:39:59.68Z" },
]

[[package]]
name = "httpcore"
version = "0.17.3"
source = { registry = "https://pypi.org/simple" }
dependencies = [
    { name = "anyio" },
    { name = "certifi" },
    { name = "h11" },
    { name = "sniffio" },
]
sdist = { url = "https://files.pythonhosted.org/packages/63/ad/c98ecdbfe04417e71e143bf2f2fb29128e4787d78d1cedba21bd250c7e7a/httpcore-0.17.3.tar.gz", hash = "sha256:a6f30213335e34c1ade7be6ec7c47f19f50c56db36abef1a9dfa3815b1cb3888", size = 62676, upload-time = "2023-07-05T12:09:31.29Z" }
wheels = [
    { url = "https://files.pythonhosted.org/packages/94/2c/2bde7ff8dd2064395555220cbf7cba79991172bf5315a07eb3ac7688d9f1/httpcore-0.17.3-py3-none-any.whl", hash = "sha256:c2789b767ddddfa2a5782e3199b2b7f6894540b17b16ec26b2c4d8e103510b87", size = 74513, upload-time = "2023-07-05T12:09:29.425Z" },
]

[[package]]
name = "httpx"
version = "0.24.1"
source = { registry = "https://pypi.org/simple" }
dependencies = [
    { name = "certifi" },
    { name = "httpcore" },
    { name = "idna" },
    { name = "sniffio" },
]
sdist = { url = "https://files.pythonhosted.org/packages/f8/2a/114d454cb77657dbf6a293e69390b96318930ace9cd96b51b99682493276/httpx-0.24.1.tar.gz", hash = "sha256:5853a43053df830c20f8110c5e69fe44d035d850b2dfe795e196f00fdb774bdd", size = 81858, upload-time = "2023-05-19T00:50:56.678Z" }
wheels = [
    { url = "https://files.pythonhosted.org/packages/ec/91/e41f64f03d2a13aee7e8c819d82ee3aa7cdc484d18c0ae859742597d5aa0/httpx-0.24.1-py3-none-any.whl", hash = "sha256:06781eb9ac53cde990577af654bd990a4949de37a28bdb4a230d434f3a30b9bd", size = 75377, upload-time = "2023-05-19T00:50:54.91Z" },
]

[[package]]
name = "idna"
version = "3.4"
source = { registry = "https://pypi.org/simple" }
sdist = { url = "https://files.pythonhosted.org/packages/8b/e1/43beb3d38dba6cb420cefa297822eac205a277ab43e5ba5d5c46faf96438/idna-3.4.tar.gz", hash = "sha256:814f528e8dead7d329833b91c5faa87d60bf71824cd12a7530b5526063d02cb4", size = 183077, upload-time = "2022-09-14T00:24:27.719Z" }
wheels = [
    { url = "https://files.pythonhosted.org/packages/fc/34/3030de6f1370931b9dbb4dad48f6ab1015ab1d32447850b9fc94e60097be/idna-3.4-py3-none-any.whl", hash = "sha256:90b77e79eaa3eba6de819a0c442c0b4ceefc341a7a2ab77d7562bf49f425c5c2", size = 61538, upload-time = "2022-09-14T00:24:23.22Z" },
]

[[package]]
name = "requests"
version = "2.31.0"
source = { registry = "https://pypi.org/simple" }
dependencies = [
    { name = "certifi" },
    { name = "charset-normalizer" },
    { name = "idna" },
    { name = "urllib3" },
]
sdist = { url = "https://files.pythonhosted.org/packages/9d/be/10918a2eac4ae9f02f6cfe6414b7a155ccd8f7f9d4380d62fd5b955065c3/requests-2.31.0.tar.gz", hash = "sha256:942c5a758f98d790eaed1a29cb6eefc7ffb0d1cf7af05c3d2791656dbd6ad1e1", size = 110794, upload-time = "2023-05-22T15:12:44.175Z" }
wheels = [
    { url = "https://files.pythonhosted.org/packages/70/8e/0e2d847013cb52cd35b38c009bb167a1a26b2ce6cd6965bf26b47bc0bf44/requests-2.31.0-py3-none-any.whl", hash = "sha256:58cd2187c01e70e6e26505bca751777aa9f2ee0b7f4300988b709f44e013003f", size = 62574, upload-time = "2023-05-22T15:12:42.313Z" },
]

[[package]]
name = "sniffio"
version = "1.3.0"
source = { registry = "https://pypi.org/simple" }
sdist = { url = "https://files.pythonhosted.org/packages/cd/50/d49c388cae4ec10e8109b1b833fd265511840706808576df3ada99ecb0ac/sniffio-1.3.0.tar.gz", hash = "sha256:e60305c5e5d314f5389259b7f22aaa33d8f7dee49763119234af3755c55b9101", size = 17103, upload-time = "2022-09-01T12:31:36.968Z" }
wheels = [
    { url = "https://files.pythonhosted.org/packages/c3/a0/5dba8ed157b0136607c7f2151db695885606968d1fae123dc3391e0cfdbf/sniffio-1.3.0-py3-none-any.whl", hash = "sha256:eecefdce1e5bbfb7ad2eeaabf7c1eeb404d7757c379bd1f7e5cce9d8bf425384", size = 10165, upload-time = "2022-09-01T12:31:34.186Z" },
]

[[package]]
name = "suggest-fix-project"
version = "0.1.0"
source = { virtual = "." }
dependencies = [
    { name = "httpx" },
    { name = "requests" },
]

[package.metadata]
requires-dist = [
    { name = "httpx", specifier = ">=0.23.3" },
    { name = "requests", specifier = ">=2.28.2" },
]

[[package]]
name = "urllib3"
version = "2.0.4"
source = { registry = "https://pypi.org/simple" }
sdist = { url = "https://files.pythonhosted.org/packages/31/ab/46bec149bbd71a4467a3063ac22f4486ecd2ceb70ae8c70d5d8e4c2a7946/urllib3-2.0.4.tar.gz", hash = "sha256:8d22f86aae8ef5e410d4f539fde9ce6b2113a001bb4d189e0aed70642d602b11", size = 281517, upload-time = "2023-07-19T15:51:23.984Z" }
wheels = [
    { url = "https://files.pythonhosted.org/packages/9b/81/62fd61001fa4b9d0df6e31d47ff49cfa9de4af03adecf339c7bc30656b37/urllib3-2.0.4-py3-none-any.whl", hash = "sha256:de7df1803967d2c2a98e4b11bb7d6bd9210474c46e8a0401514e3a42a75ebde4", size = 123908, upload-time = "2023-07-19T15:51:22.189Z" },
]
